
Microsoft Visual Studio Solution File, Format Version 12.00
# Visual Studio Version 17
VisualStudioVersion = 17.8.34330.188
MinimumVisualStudioVersion = 10.0.40219.1
Project("{9A19103F-16F7-4668-BE54-9A1E7A4F7556}") = "Gelir Gider İzleyicisi", "Gelir Gider İzleyicisi.csproj", "{0C734E87-C0ED-43B9-8631-7152BE3FD3A0}"
EndProject
Project("{2150E333-8FDC-42A3-9474-1A3956D46DE8}") = "Solution Items", "Solution Items", "{74D1E255-DEFA-4C54-8288-8C847D894264}"
	ProjectSection(SolutionItems) = preProject
		.editorconfig = .editorconfig
	EndProjectSection
EndProject
Global
	GlobalSection(SolutionConfigurationPlatforms) = preSolution
		Debug|Any CPU = Debug|Any CPU
		Release|Any CPU = Release|Any CPU
	EndGlobalSection
	GlobalSection(ProjectConfigurationPlatforms) = postSolution
		{0C734E87-C0ED-43B9-8631-7152BE3FD3A0}.Debug|Any CPU.ActiveCfg = Debug|Any CPU
		{0C734E87-C0ED-43B9-8631-7152BE3FD3A0}.Debug|Any CPU.Build.0 = Debug|Any CPU
		{0C734E87-C0ED-43B9-8631-7152BE3FD3A0}.Release|Any CPU.ActiveCfg = Release|Any CPU
		{0C734E87-C0ED-43B9-8631-7152BE3FD3A0}.Release|Any CPU.Build.0 = Release|Any CPU
	EndGlobalSection
	GlobalSection(SolutionProperties) = preSolution
		HideSolutionNode = FALSE
	EndGlobalSection
	GlobalSection(ExtensibilityGlobals) = postSolution
		SolutionGuid = {FD4E0DCD-7750-4812-B6FC-2A9807E3A359}
	EndGlobalSection
EndGlobal
